
Microsoft Visual Studio Solution File, Format Version 12.00
# Visual Studio Version 17
VisualStudioVersion = 17.9.34622.214
MinimumVisualStudioVersion = 10.0.40219.1
Project("{FAE04EC0-301F-11D3-BF4B-00C04F79EFBC}") = "Tema 2", "Tema 2\Tema 2.csproj", "{CAB06FAD-B607-4FDF-B3BB-83D95D3AECEB}"
EndProject
Global
	GlobalSection(SolutionConfigurationPlatforms) = preSolution
		Debug|Any CPU = Debug|Any CPU
		Release|Any CPU = Release|Any CPU
	EndGlobalSection
	GlobalSection(ProjectConfigurationPlatforms) = postSolution
		{CAB06FAD-B607-4FDF-B3BB-83D95D3AECEB}.Debug|Any CPU.ActiveCfg = Debug|Any CPU
		{CAB06FAD-B607-4FDF-B3BB-83D95D3AECEB}.Debug|Any CPU.Build.0 = Debug|Any CPU
		{CAB06FAD-B607-4FDF-B3BB-83D95D3AECEB}.Release|Any CPU.ActiveCfg = Release|Any CPU
		{CAB06FAD-B607-4FDF-B3BB-83D95D3AECEB}.Release|Any CPU.Build.0 = Release|Any CPU
	EndGlobalSection
	GlobalSection(SolutionProperties) = preSolution
		HideSolutionNode = FALSE
	EndGlobalSection
	GlobalSection(ExtensibilityGlobals) = postSolution
		SolutionGuid = {1BE28C2D-AB1E-4FAF-9B1A-E10E4E38A598}
	EndGlobalSection
EndGlobal
